Microsoft Visual Studio Solution File, Format Version 12.00
# Visual Studio Version 17
VisualStudioVersion = 17.5.2.0
MinimumVisualStudioVersion = 10.0.40219.1
Project("{FAE04EC0-301F-11D3-BF4B-00C04F79EFBC}") = "PlataformaAcademicaApp", "PlataformaAcademicaApp.csproj", "{D0B9C2FA-AD56-670C-2E66-DD077270CD33}"
EndProject
Global
	GlobalSection(SolutionConfigurationPlatforms) = preSolution
		Debug|Any CPU = Debug|Any CPU
		Release|Any CPU = Release|Any CPU
	EndGlobalSection
	GlobalSection(ProjectConfigurationPlatforms) = postSolution
		{D0B9C2FA-AD56-670C-2E66-DD077270CD33}.Debug|Any CPU.ActiveCfg = Debug|Any CPU
		{D0B9C2FA-AD56-670C-2E66-DD077270CD33}.Debug|Any CPU.Build.0 = Debug|Any CPU
		{D0B9C2FA-AD56-670C-2E66-DD077270CD33}.Release|Any CPU.ActiveCfg = Release|Any CPU
		{D0B9C2FA-AD56-670C-2E66-DD077270CD33}.Release|Any CPU.Build.0 = Release|Any CPU
	EndGlobalSection
	GlobalSection(SolutionProperties) = preSolution
		HideSolutionNode = FALSE
	EndGlobalSection
	GlobalSection(ExtensibilityGlobals) = postSolution
		SolutionGuid = {AD5DE23F-D0AA-4107-993D-573E948AC01F}
	EndGlobalSection
EndGlobal
